
Microsoft Visual Studio Solution File, Format Version 12.00
# Visual Studio Version 17
VisualStudioVersion = 17.7.34202.233
MinimumVisualStudioVersion = 10.0.40219.1
Project("{FAE04EC0-301F-11D3-BF4B-00C04F79EFBC}") = "Stoica_Ramona_Lab1", "Stoica_Ramona_Lab1.csproj", "{919F9D2E-C616-4D02-B080-D080E817AC88}"
EndProject
Global
	GlobalSection(SolutionConfigurationPlatforms) = preSolution
		Debug|Any CPU = Debug|Any CPU
		Release|Any CPU = Release|Any CPU
	EndGlobalSection
	GlobalSection(ProjectConfigurationPlatforms) = postSolution
		{919F9D2E-C616-4D02-B080-D080E817AC88}.Debug|Any CPU.ActiveCfg = Debug|Any CPU
		{919F9D2E-C616-4D02-B080-D080E817AC88}.Debug|Any CPU.Build.0 = Debug|Any CPU
		{919F9D2E-C616-4D02-B080-D080E817AC88}.Release|Any CPU.ActiveCfg = Release|Any CPU
		{919F9D2E-C616-4D02-B080-D080E817AC88}.Release|Any CPU.Build.0 = Release|Any CPU
	EndGlobalSection
	GlobalSection(SolutionProperties) = preSolution
		HideSolutionNode = FALSE
	EndGlobalSection
	GlobalSection(ExtensibilityGlobals) = postSolution
		SolutionGuid = {A6B1784B-A6D9-4891-A183-5F8446DD5C29}
	EndGlobalSection
EndGlobal
